
Microsoft Visual Studio Solution File, Format Version 12.00
# Visual Studio Version 16
VisualStudioVersion = 16.0.31624.102
MinimumVisualStudioVersion = 10.0.40219.1
Project("{FAE04EC0-301F-11D3-BF4B-00C04F79EFBC}") = "BarangayInformation", "BarangayInformation\BarangayInformation.csproj", "{1473A5E4-C71B-49EA-8FE5-393D979618A3}"
EndProject
Global
	GlobalSection(SolutionConfigurationPlatforms) = preSolution
		Debug|Any CPU = Debug|Any CPU
		Release|Any CPU = Release|Any CPU
	EndGlobalSection
	GlobalSection(ProjectConfigurationPlatforms) = postSolution
		{1473A5E4-C71B-49EA-8FE5-393D979618A3}.Debug|Any CPU.ActiveCfg = Debug|Any CPU
		{1473A5E4-C71B-49EA-8FE5-393D979618A3}.Debug|Any CPU.Build.0 = Debug|Any CPU
		{1473A5E4-C71B-49EA-8FE5-393D979618A3}.Release|Any CPU.ActiveCfg = Release|Any CPU
		{1473A5E4-C71B-49EA-8FE5-393D979618A3}.Release|Any CPU.Build.0 = Release|Any CPU
	EndGlobalSection
	GlobalSection(SolutionProperties) = preSolution
		HideSolutionNode = FALSE
	EndGlobalSection
	GlobalSection(ExtensibilityGlobals) = postSolution
		SolutionGuid = {EE9A562E-49D8-4A82-86EE-3D4B0BED44F3}
	EndGlobalSection
EndGlobal
